// !$*UTF8*$!
{
	archiveVersion = 1;
	classes = {
	};
	objectVersion = 56;
	objects = {

/* Begin PBXBuildFile section */
		EC0B1F862AD6C42200814309 /* AppDelegate.swift in Sources */ = {isa = PBXBuildFile; fileRef = EC0B1F852AD6C42200814309 /* AppDelegate.swift */; };
		EC0B1F882AD6C42200814309 /* SceneDelegate.swift in Sources */ = {isa = PBXBuildFile; fileRef = EC0B1F872AD6C42200814309 /* SceneDelegate.swift */; };
		EC0B1F8A2AD6C42200814309 /* SingIn.swift in Sources */ = {isa = PBXBuildFile; fileRef = EC0B1F892AD6C42200814309 /* SingIn.swift */; };
		EC0B1F8F2AD6C42500814309 /* Assets.xcassets in Resources */ = {isa = PBXBuildFile; fileRef = EC0B1F8E2AD6C42500814309 /* Assets.xcassets */; };
		EC0B1F922AD6C42500814309 /* LaunchScreen.storyboard in Resources */ = {isa = PBXBuildFile; fileRef = EC0B1F902AD6C42500814309 /* LaunchScreen.storyboard */; };
		EC0B1F9D2AD6C42500814309 /* MP_DocumentCreateTests.swift in Sources */ = {isa = PBXBuildFile; fileRef = EC0B1F9C2AD6C42500814309 /* MP_DocumentCreateTests.swift */; };
		EC0B1FA72AD6C42500814309 /* MP_DocumentCreateUITests.swift in Sources */ = {isa = PBXBuildFile; fileRef = EC0B1FA62AD6C42500814309 /* MP_DocumentCreateUITests.swift */; };
		EC0B1FA92AD6C42500814309 /* MP_DocumentCreateUITestsLaunchTests.swift in Sources */ = {isa = PBXBuildFile; fileRef = EC0B1FA82AD6C42500814309 /* MP_DocumentCreateUITestsLaunchTests.swift */; };
		EC0B1FB62AD6C4D600814309 /* Feed.swift in Sources */ = {isa = PBXBuildFile; fileRef = EC0B1FB52AD6C4D600814309 /* Feed.swift */; };
		EC0B1FB82AD6C50600814309 /* Upload.swift in Sources */ = {isa = PBXBuildFile; fileRef = EC0B1FB72AD6C50600814309 /* Upload.swift */; };
		EC0B1FBA2AD6C5AB00814309 /* GoogleService-Info.plist in Resources */ = {isa = PBXBuildFile; fileRef = EC0B1FB92AD6C5AB00814309 /* GoogleService-Info.plist */; };
		EC0B1FBE2AD6C68900814309 /* FirebaseAnalytics in Frameworks */ = {isa = PBXBuildFile; productRef = EC0B1FBD2AD6C68900814309 /* FirebaseAnalytics */; };
		EC0B1FC02AD6C68E00814309 /* FirebaseAuth in Frameworks */ = {isa = PBXBuildFile; productRef = EC0B1FBF2AD6C68E00814309 /* FirebaseAuth */; };
		EC0B1FC22AD6C69600814309 /* FirebaseFirestore in Frameworks */ = {isa = PBXBuildFile; productRef = EC0B1FC12AD6C69600814309 /* FirebaseFirestore */; };
		EC0B1FC42AD6C69B00814309 /* FirebaseStorage in Frameworks */ = {isa = PBXBuildFile; productRef = EC0B1FC32AD6C69B00814309 /* FirebaseStorage */; };
		EC43C0952AD81771008E8A1A /* ApiManager.swift in Sources */ = {isa = PBXBuildFile; fileRef = EC43C0942AD81771008E8A1A /* ApiManager.swift */; };
		EC43C0972AD817A3008E8A1A /* UserService.swift in Sources */ = {isa = PBXBuildFile; fileRef = EC43C0962AD817A3008E8A1A /* UserService.swift */; };
		EC43C09A2AD817E5008E8A1A /* User.swift in Sources */ = {isa = PBXBuildFile; fileRef = EC43C0992AD817E5008E8A1A /* User.swift */; };
		EC43C09D2AD81890008E8A1A /* UploadViewModel.swift in Sources */ = {isa = PBXBuildFile; fileRef = EC43C09C2AD81890008E8A1A /* UploadViewModel.swift */; };
		EC43C0A12AD819D0008E8A1A /* UploadViewModelOutput.swift in Sources */ = {isa = PBXBuildFile; fileRef = EC43C0A02AD819D0008E8A1A /* UploadViewModelOutput.swift */; };
		EC63FD302AE8430A005CEC29 /* Document.swift in Sources */ = {isa = PBXBuildFile; fileRef = EC63FD2F2AE8430A005CEC29 /* Document.swift */; };
		EC63FD322AE84FEA005CEC29 /* DocumentSingleton.swift in Sources */ = {isa = PBXBuildFile; fileRef = EC63FD312AE84FEA005CEC29 /* DocumentSingleton.swift */; };
		EC7B09732AE571CF007FFA35 /* UserSingleton.swift in Sources */ = {isa = PBXBuildFile; fileRef = EC7B09722AE571CF007FFA35 /* UserSingleton.swift */; };
/* End PBXBuildFile section */

/* Begin PBXContainerItemProxy section */
		EC0B1F992AD6C42500814309 /* PBXContainerItemProxy */ = {
			isa = PBXContainerItemProxy;
			containerPortal = EC0B1F7A2AD6C42200814309 /* Project object */;
			proxyType = 1;
			remoteGlobalIDString = EC0B1F812AD6C42200814309;
			remoteInfo = MP_DocumentCreate;
		};
		EC0B1FA32AD6C42500814309 /* PBXContainerItemProxy */ = {
			isa = PBXContainerItemProxy;
			containerPortal = EC0B1F7A2AD6C42200814309 /* Project object */;
			proxyType = 1;
			remoteGlobalIDString = EC0B1F812AD6C42200814309;
			remoteInfo = MP_DocumentCreate;
		};
/* End PBXContainerItemProxy section */

/* Begin PBXFileReference section */
		EC0B1F822AD6C42200814309 /* MP_DocumentCreate.app */ = {isa = PBXFileReference; explicitFileType = wrapper.application; includeInIndex = 0; path = MP_DocumentCreate.app; sourceTree = BUILT_PRODUCTS_DIR; };
		EC0B1F852AD6C42200814309 /* AppDelegate.swift */ = {isa = PBXFileReference; lastKnownFileType = sourcecode.swift; path = AppDelegate.swift; sourceTree = "<group>"; };
		EC0B1F872AD6C42200814309 /* SceneDelegate.swift */ = {isa = PBXFileReference; lastKnownFileType = sourcecode.swift; path = SceneDelegate.swift; sourceTree = "<group>"; };
		EC0B1F892AD6C42200814309 /* SingIn.swift */ = {isa = PBXFileReference; lastKnownFileType = sourcecode.swift; path = SingIn.swift; sourceTree = "<group>"; };
		EC0B1F8E2AD6C42500814309 /* Assets.xcassets */ = {isa = PBXFileReference; lastKnownFileType = folder.assetcatalog; path = Assets.xcassets; sourceTree = "<group>"; };
		EC0B1F912AD6C42500814309 /* Base */ = {isa = PBXFileReference; lastKnownFileType = file.storyboard; name = Base; path = Base.lproj/LaunchScreen.storyboard; sourceTree = "<group>"; };
		EC0B1F932AD6C42500814309 /* Info.plist */ = {isa = PBXFileReference; lastKnownFileType = text.plist.xml; path = Info.plist; sourceTree = "<group>"; };
		EC0B1F982AD6C42500814309 /* MP_DocumentCreateTests.xctest */ = {isa = PBXFileReference; explicitFileType = wrapper.cfbundle; includeInIndex = 0; path = MP_DocumentCreateTests.xctest; sourceTree = BUILT_PRODUCTS_DIR; };
		EC0B1F9C2AD6C42500814309 /* MP_DocumentCreateTests.swift */ = {isa = PBXFileReference; lastKnownFileType = sourcecode.swift; path = MP_DocumentCreateTests.swift; sourceTree = "<group>"; };
		EC0B1FA22AD6C42500814309 /* MP_DocumentCreateUITests.xctest */ = {isa = PBXFileReference; explicitFileType = wrapper.cfbundle; includeInIndex = 0; path = MP_DocumentCreateUITests.xctest; sourceTree = BUILT_PRODUCTS_DIR; };
		EC0B1FA62AD6C42500814309 /* MP_DocumentCreateUITests.swift */ = {isa = PBXFileReference; lastKnownFileType = sourcecode.swift; path = MP_DocumentCreateUITests.swift; sourceTree = "<group>"; };
		EC0B1FA82AD6C42500814309 /* MP_DocumentCreateUITestsLaunchTests.swift */ = {isa = PBXFileReference; lastKnownFileType = sourcecode.swift; path = MP_DocumentCreateUITestsLaunchTests.swift; sourceTree = "<group>"; };
		EC0B1FB52AD6C4D600814309 /* Feed.swift */ = {isa = PBXFileReference; lastKnownFileType = sourcecode.swift; path = Feed.swift; sourceTree = "<group>"; };
		EC0B1FB72AD6C50600814309 /* Upload.swift */ = {isa = PBXFileReference; lastKnownFileType = sourcecode.swift; path = Upload.swift; sourceTree = "<group>"; };
		EC0B1FB92AD6C5AB00814309 /* GoogleService-Info.plist */ = {isa = PBXFileReference; fileEncoding = 4; lastKnownFileType = text.plist.xml; path = "GoogleService-Info.plist"; sourceTree = "<group>"; };
		EC43C0942AD81771008E8A1A /* ApiManager.swift */ = {isa = PBXFileReference; lastKnownFileType = sourcecode.swift; path = ApiManager.swift; sourceTree = "<group>"; };
		EC43C0962AD817A3008E8A1A /* UserService.swift */ = {isa = PBXFileReference; lastKnownFileType = sourcecode.swift; path = UserService.swift; sourceTree = "<group>"; };
		EC43C0992AD817E5008E8A1A /* User.swift */ = {isa = PBXFileReference; lastKnownFileType = sourcecode.swift; path = User.swift; sourceTree = "<group>"; };
		EC43C09C2AD81890008E8A1A /* UploadViewModel.swift */ = {isa = PBXFileReference; lastKnownFileType = sourcecode.swift; path = UploadViewModel.swift; sourceTree = "<group>"; };
		EC43C0A02AD819D0008E8A1A /* UploadViewModelOutput.swift */ = {isa = PBXFileReference; lastKnownFileType = sourcecode.swift; path = UploadViewModelOutput.swift; sourceTree = "<group>"; };
		EC63FD2F2AE8430A005CEC29 /* Document.swift */ = {isa = PBXFileReference; lastKnownFileType = sourcecode.swift; path = Document.swift; sourceTree = "<group>"; };
		EC63FD312AE84FEA005CEC29 /* DocumentSingleton.swift */ = {isa = PBXFileReference; lastKnownFileType = sourcecode.swift; path = DocumentSingleton.swift; sourceTree = "<group>"; };
		EC7B09722AE571CF007FFA35 /* UserSingleton.swift */ = {isa = PBXFileReference; lastKnownFileType = sourcecode.swift; path = UserSingleton.swift; sourceTree = "<group>"; };
/* End PBXFileReference section */

/* Begin PBXFrameworksBuildPhase section */
		EC0B1F7F2AD6C42200814309 /* Frameworks */ = {
			isa = PBXFrameworksBuildPhase;
			buildActionMask = 2147483647;
			files = (
				EC0B1FBE2AD6C68900814309 /* FirebaseAnalytics in Frameworks */,
				EC0B1FC42AD6C69B00814309 /* FirebaseStorage in Frameworks */,
				EC0B1FC02AD6C68E00814309 /* FirebaseAuth in Frameworks */,
				EC0B1FC22AD6C69600814309 /* FirebaseFirestore in Frameworks */,
			);
			runOnlyForDeploymentPostprocessing = 0;
		};
		EC0B1F952AD6C42500814309 /* Frameworks */ = {
			isa = PBXFrameworksBuildPhase;
			buildActionMask = 2147483647;
			files = (
			);
			runOnlyForDeploymentPostprocessing = 0;
		};
		EC0B1F9F2AD6C42500814309 /* Frameworks */ = {
			isa = PBXFrameworksBuildPhase;
			buildActionMask = 2147483647;
			files = (
			);
			runOnlyForDeploymentPostprocessing = 0;
		};
/* End PBXFrameworksBuildPhase section */

/* Begin PBXGroup section */
		EC0B1F792AD6C42200814309 = {
			isa = PBXGroup;
			children = (
				EC0B1F842AD6C42200814309 /* MP_DocumentCreate */,
				EC0B1F9B2AD6C42500814309 /* MP_DocumentCreateTests */,
				EC0B1FA52AD6C42500814309 /* MP_DocumentCreateUITests */,
				EC0B1F832AD6C42200814309 /* Products */,
				EC0B1FBC2AD6C68900814309 /* Frameworks */,
			);
			sourceTree = "<group>";
		};
		EC0B1F832AD6C42200814309 /* Products */ = {
			isa = PBXGroup;
			children = (
				EC0B1F822AD6C42200814309 /* MP_DocumentCreate.app */,
				EC0B1F982AD6C42500814309 /* MP_DocumentCreateTests.xctest */,
				EC0B1FA22AD6C42500814309 /* MP_DocumentCreateUITests.xctest */,
			);
			name = Products;
			sourceTree = "<group>";
		};
		EC0B1F842AD6C42200814309 /* MP_DocumentCreate */ = {
			isa = PBXGroup;
			children = (
				EC43C09B2AD81866008E8A1A /* ViewModel */,
				EC43C0982AD817D1008E8A1A /* Model */,
				EC43C0932AD81742008E8A1A /* Service */,
				ECC8A7B62AD6D10A001C04D5 /* View */,
				ECC8A7B52AD6D0EA001C04D5 /* Delegates */,
				EC0B1F8E2AD6C42500814309 /* Assets.xcassets */,
				EC0B1F902AD6C42500814309 /* LaunchScreen.storyboard */,
				EC0B1F932AD6C42500814309 /* Info.plist */,
				EC0B1FB92AD6C5AB00814309 /* GoogleService-Info.plist */,
			);
			path = MP_DocumentCreate;
			sourceTree = "<group>";
		};
		EC0B1F9B2AD6C42500814309 /* MP_DocumentCreateTests */ = {
			isa = PBXGroup;
			children = (
				EC0B1F9C2AD6C42500814309 /* MP_DocumentCreateTests.swift */,
			);
			path = MP_DocumentCreateTests;
			sourceTree = "<group>";
		};
		EC0B1FA52AD6C42500814309 /* MP_DocumentCreateUITests */ = {
			isa = PBXGroup;
			children = (
				EC0B1FA62AD6C42500814309 /* MP_DocumentCreateUITests.swift */,
				EC0B1FA82AD6C42500814309 /* MP_DocumentCreateUITestsLaunchTests.swift */,
			);
			path = MP_DocumentCreateUITests;
			sourceTree = "<group>";
		};
		EC0B1FBC2AD6C68900814309 /* Frameworks */ = {
			isa = PBXGroup;
			children = (
			);
			name = Frameworks;
			sourceTree = "<group>";
		};
		EC43C0932AD81742008E8A1A /* Service */ = {
			isa = PBXGroup;
			children = (
				EC43C0942AD81771008E8A1A /* ApiManager.swift */,
				EC43C0962AD817A3008E8A1A /* UserService.swift */,
			);
			path = Service;
			sourceTree = "<group>";
		};
		EC43C0982AD817D1008E8A1A /* Model */ = {
			isa = PBXGroup;
			children = (
				EC43C0992AD817E5008E8A1A /* User.swift */,
				EC7B09722AE571CF007FFA35 /* UserSingleton.swift */,
				EC63FD2F2AE8430A005CEC29 /* Document.swift */,
				EC63FD312AE84FEA005CEC29 /* DocumentSingleton.swift */,
			);
			path = Model;
			sourceTree = "<group>";
		};
		EC43C09B2AD81866008E8A1A /* ViewModel */ = {
			isa = PBXGroup;
			children = (
				EC43C09C2AD81890008E8A1A /* UploadViewModel.swift */,
				EC43C0A02AD819D0008E8A1A /* UploadViewModelOutput.swift */,
			);
			path = ViewModel;
			sourceTree = "<group>";
		};
		ECC8A7B52AD6D0EA001C04D5 /* Delegates */ = {
			isa = PBXGroup;
			children = (
				EC0B1F852AD6C42200814309 /* AppDelegate.swift */,
				EC0B1F872AD6C42200814309 /* SceneDelegate.swift */,
			);
			path = Delegates;
			sourceTree = "<group>";
		};
		ECC8A7B62AD6D10A001C04D5 /* View */ = {
			isa = PBXGroup;
			children = (
				EC0B1F892AD6C42200814309 /* SingIn.swift */,
				EC0B1FB52AD6C4D600814309 /* Feed.swift */,
				EC0B1FB72AD6C50600814309 /* Upload.swift */,
			);
			path = View;
			sourceTree = "<group>";
		};
/* End PBXGroup section */

/* Begin PBXNativeTarget section */
		EC0B1F812AD6C42200814309 /* MP_DocumentCreate */ = {
			isa = PBXNativeTarget;
			buildConfigurationList = EC0B1FAC2AD6C42500814309 /* Build configuration list for PBXNativeTarget "MP_DocumentCreate" */;
			buildPhases = (
				EC0B1F7E2AD6C42200814309 /* Sources */,
				EC0B1F7F2AD6C42200814309 /* Frameworks */,
				EC0B1F802AD6C42200814309 /* Resources */,
			);
			buildRules = (
			);
			dependencies = (
			);
			name = MP_DocumentCreate;
			packageProductDependencies = (
				EC0B1FBD2AD6C68900814309 /* FirebaseAnalytics */,
				EC0B1FBF2AD6C68E00814309 /* FirebaseAuth */,
				EC0B1FC12AD6C69600814309 /* FirebaseFirestore */,
				EC0B1FC32AD6C69B00814309 /* FirebaseStorage */,
			);
			productName = MP_DocumentCreate;
			productReference = EC0B1F822AD6C42200814309 /* MP_DocumentCreate.app */;
			productType = "com.apple.product-type.application";
		};
		EC0B1F972AD6C42500814309 /* MP_DocumentCreateTests */ = {
			isa = PBXNativeTarget;
			buildConfigurationList = EC0B1FAF2AD6C42500814309 /* Build configuration list for PBXNativeTarget "MP_DocumentCreateTests" */;
			buildPhases = (
				EC0B1F942AD6C42500814309 /* Sources */,
				EC0B1F952AD6C42500814309 /* Frameworks */,
				EC0B1F962AD6C42500814309 /* Resources */,
			);
			buildRules = (
			);
			dependencies = (
				EC0B1F9A2AD6C42500814309 /* PBXTargetDependency */,
			);
			name = MP_DocumentCreateTests;
			productName = MP_DocumentCreateTests;
			productReference = EC0B1F982AD6C42500814309 /* MP_DocumentCreateTests.xctest */;
			productType = "com.apple.product-type.bundle.unit-test";
		};
		EC0B1FA12AD6C42500814309 /* MP_DocumentCreateUITests */ = {
			isa = PBXNativeTarget;
			buildConfigurationList = EC0B1FB22AD6C42500814309 /* Build configuration list for PBXNativeTarget "MP_DocumentCreateUITests" */;
			buildPhases = (
				EC0B1F9E2AD6C42500814309 /* Sources */,
				EC0B1F9F2AD6C42500814309 /* Frameworks */,
				EC0B1FA02AD6C42500814309 /* Resources */,
			);
			buildRules = (
			);
			dependencies = (
				EC0B1FA42AD6C42500814309 /* PBXTargetDependency */,
			);
			name = MP_DocumentCreateUITests;
			productName = MP_DocumentCreateUITests;
			productReference = EC0B1FA22AD6C42500814309 /* MP_DocumentCreateUITests.xctest */;
			productType = "com.apple.product-type.bundle.ui-testing";
		};
/* End PBXNativeTarget section */

/* Begin PBXProject section */
		EC0B1F7A2AD6C42200814309 /* Project object */ = {
			isa = PBXProject;
			attributes = {
				BuildIndependentTargetsInParallel = 1;
				LastSwiftUpdateCheck = 1500;
				LastUpgradeCheck = 1500;
				TargetAttributes = {
					EC0B1F812AD6C42200814309 = {
						CreatedOnToolsVersion = 15.0;
					};
					EC0B1F972AD6C42500814309 = {
						CreatedOnToolsVersion = 15.0;
						TestTargetID = EC0B1F812AD6C42200814309;
					};
					EC0B1FA12AD6C42500814309 = {
						CreatedOnToolsVersion = 15.0;
						TestTargetID = EC0B1F812AD6C42200814309;
					};
				};
			};
			buildConfigurationList = EC0B1F7D2AD6C42200814309 /* Build configuration list for PBXProject "MP_DocumentCreate" */;
			compatibilityVersion = "Xcode 14.0";
			developmentRegion = en;
			hasScannedForEncodings = 0;
			knownRegions = (
				en,
				Base,
			);
			mainGroup = EC0B1F792AD6C42200814309;
			packageReferences = (
				EC0B1FBB2AD6C65A00814309 /* XCRemoteSwiftPackageReference "firebase-ios-sdk" */,
			);
			productRefGroup = EC0B1F832AD6C42200814309 /* Products */;
			projectDirPath = "";
			projectRoot = "";
			targets = (
				EC0B1F812AD6C42200814309 /* MP_DocumentCreate */,
				EC0B1F972AD6C42500814309 /* MP_DocumentCreateTests */,
				EC0B1FA12AD6C42500814309 /* MP_DocumentCreateUITests */,
			);
		};
/* End PBXProject section */

/* Begin PBXResourcesBuildPhase section */
		EC0B1F802AD6C42200814309 /* Resources */ = {
			isa = PBXResourcesBuildPhase;
			buildActionMask = 2147483647;
			files = (
				EC0B1F922AD6C42500814309 /* LaunchScreen.storyboard in Resources */,
				EC0B1F8F2AD6C42500814309 /* Assets.xcassets in Resources */,
				EC0B1FBA2AD6C5AB00814309 /* GoogleService-Info.plist in Resources */,
			);
			runOnlyForDeploymentPostprocessing = 0;
		};
		EC0B1F962AD6C42500814309 /* Resources */ = {
			isa = PBXResourcesBuildPhase;
			buildActionMask = 2147483647;
			files = (
			);
			runOnlyForDeploymentPostprocessing = 0;
		};
		EC0B1FA02AD6C42500814309 /* Resources */ = {
			isa = PBXResourcesBuildPhase;
			buildActionMask = 2147483647;
			files = (
			);
			runOnlyForDeploymentPostprocessing = 0;
		};
/* End PBXResourcesBuildPhase section */

/* Begin PBXSourcesBuildPhase section */
		EC0B1F7E2AD6C42200814309 /* Sources */ = {
			isa = PBXSourcesBuildPhase;
			buildActionMask = 2147483647;
			files = (
				EC7B09732AE571CF007FFA35 /* UserSingleton.swift in Sources */,
				EC43C0A12AD819D0008E8A1A /* UploadViewModelOutput.swift in Sources */,
				EC63FD322AE84FEA005CEC29 /* DocumentSingleton.swift in Sources */,
				EC43C0972AD817A3008E8A1A /* UserService.swift in Sources */,
				EC0B1F8A2AD6C42200814309 /* SingIn.swift in Sources */,
				EC0B1FB82AD6C50600814309 /* Upload.swift in Sources */,
				EC0B1FB62AD6C4D600814309 /* Feed.swift in Sources */,
				EC43C09A2AD817E5008E8A1A /* User.swift in Sources */,
				EC0B1F862AD6C42200814309 /* AppDelegate.swift in Sources */,
				EC63FD302AE8430A005CEC29 /* Document.swift in Sources */,
				EC43C0952AD81771008E8A1A /* ApiManager.swift in Sources */,
				EC0B1F882AD6C42200814309 /* SceneDelegate.swift in Sources */,
				EC43C09D2AD81890008E8A1A /* UploadViewModel.swift in Sources */,
			);
			runOnlyForDeploymentPostprocessing = 0;
		};
		EC0B1F942AD6C42500814309 /* Sources */ = {
			isa = PBXSourcesBuildPhase;
			buildActionMask = 2147483647;
			files = (
				EC0B1F9D2AD6C42500814309 /* MP_DocumentCreateTests.swift in Sources */,
			);
			runOnlyForDeploymentPostprocessing = 0;
		};
		EC0B1F9E2AD6C42500814309 /* Sources */ = {
			isa = PBXSourcesBuildPhase;
			buildActionMask = 2147483647;
			files = (
				EC0B1FA92AD6C42500814309 /* MP_DocumentCreateUITestsLaunchTests.swift in Sources */,
				EC0B1FA72AD6C42500814309 /* MP_DocumentCreateUITests.swift in Sources */,
			);
			runOnlyForDeploymentPostprocessing = 0;
		};
/* End PBXSourcesBuildPhase section */

/* Begin PBXTargetDependency section */
		EC0B1F9A2AD6C42500814309 /* PBXTargetDependency */ = {
			isa = PBXTargetDependency;
			target = EC0B1F812AD6C42200814309 /* MP_DocumentCreate */;
			targetProxy = EC0B1F992AD6C42500814309 /* PBXContainerItemProxy */;
		};
		EC0B1FA42AD6C42500814309 /* PBXTargetDependency */ = {
			isa = PBXTargetDependency;
			target = EC0B1F812AD6C42200814309 /* MP_DocumentCreate */;
			targetProxy = EC0B1FA32AD6C42500814309 /* PBXContainerItemProxy */;
		};
/* End PBXTargetDependency section */

/* Begin PBXVariantGroup section */
		EC0B1F902AD6C42500814309 /* LaunchScreen.storyboard */ = {
			isa = PBXVariantGroup;
			children = (
				EC0B1F912AD6C42500814309 /* Base */,
			);
			name = LaunchScreen.storyboard;
			sourceTree = "<group>";
		};
/* End PBXVariantGroup section */

/* Begin XCBuildConfiguration section */
		EC0B1FAA2AD6C42500814309 /* Debug */ = {
			isa = XCBuildConfiguration;
			buildSettings = {
				ALWAYS_SEARCH_USER_PATHS = NO;
				ASSETCATALOG_COMPILER_GENERATE_SWIFT_ASSET_SYMBOL_EXTENSIONS = YES;
				CLANG_ANALYZER_NONNULL = YES;
				CLANG_ANALYZER_NUMBER_OBJECT_CONVERSION = YES_AGGRESSIVE;
				CLANG_CXX_LANGUAGE_STANDARD = "gnu++20";
				CLANG_ENABLE_MODULES = YES;
				CLANG_ENABLE_OBJC_ARC = YES;
				CLANG_ENABLE_OBJC_WEAK = YES;
				CLANG_WARN_BLOCK_CAPTURE_AUTORELEASING = YES;
				CLANG_WARN_BOOL_CONVERSION = YES;
				CLANG_WARN_COMMA = YES;
				CLANG_WARN_CONSTANT_CONVERSION = YES;
				CLANG_WARN_DEPRECATED_OBJC_IMPLEMENTATIONS = YES;
				CLANG_WARN_DIRECT_OBJC_ISA_USAGE = YES_ERROR;
				CLANG_WARN_DOCUMENTATION_COMMENTS = YES;
				CLANG_WARN_EMPTY_BODY = YES;
				CLANG_WARN_ENUM_CONVERSION = YES;
				CLANG_WARN_INFINITE_RECURSION = YES;
				CLANG_WARN_INT_CONVERSION = YES;
				CLANG_WARN_NON_LITERAL_NULL_CONVERSION = YES;
				CLANG_WARN_OBJC_IMPLICIT_RETAIN_SELF = YES;
				CLANG_WARN_OBJC_LITERAL_CONVERSION = YES;
				CLANG_WARN_OBJC_ROOT_CLASS = YES_ERROR;
				CLANG_WARN_QUOTED_INCLUDE_IN_FRAMEWORK_HEADER = YES;
				CLANG_WARN_RANGE_LOOP_ANALYSIS = YES;
				CLANG_WARN_STRICT_PROTOTYPES = YES;
				CLANG_WARN_SUSPICIOUS_MOVE = YES;
				CLANG_WARN_UNGUARDED_AVAILABILITY = YES_AGGRESSIVE;
				CLANG_WARN_UNREACHABLE_CODE = YES;
				CLANG_WARN__DUPLICATE_METHOD_MATCH = YES;
				COPY_PHASE_STRIP = NO;
				DEBUG_INFORMATION_FORMAT = dwarf;
				ENABLE_STRICT_OBJC_MSGSEND = YES;
				ENABLE_TESTABILITY = YES;
				ENABLE_USER_SCRIPT_SANDBOXING = YES;
				GCC_C_LANGUAGE_STANDARD = gnu17;
				GCC_DYNAMIC_NO_PIC = NO;
				GCC_NO_COMMON_BLOCKS = YES;
				GCC_OPTIMIZATION_LEVEL = 0;
				GCC_PREPROCESSOR_DEFINITIONS = (
					"DEBUG=1",
					"$(inherited)",
				);
				GCC_WARN_64_TO_32_BIT_CONVERSION = YES;
				GCC_WARN_ABOUT_RETURN_TYPE = YES_ERROR;
				GCC_WARN_UNDECLARED_SELECTOR = YES;
				GCC_WARN_UNINITIALIZED_AUTOS = YES_AGGRESSIVE;
				GCC_WARN_UNUSED_FUNCTION = YES;
				GCC_WARN_UNUSED_VARIABLE = YES;
				IPHONEOS_DEPLOYMENT_TARGET = 17.0;
				LOCALIZATION_PREFERS_STRING_CATALOGS = YES;
				MTL_ENABLE_DEBUG_INFO = INCLUDE_SOURCE;
				MTL_FAST_MATH = YES;
				ONLY_ACTIVE_ARCH = YES;
				SDKROOT = iphoneos;
				SWIFT_ACTIVE_COMPILATION_CONDITIONS = "DEBUG $(inherited)";
				SWIFT_OPTIMIZATION_LEVEL = "-Onone";
			};
			name = Debug;
		};
		EC0B1FAB2AD6C42500814309 /* Release */ = {
			isa = XCBuildConfiguration;
			buildSettings = {
				ALWAYS_SEARCH_USER_PATHS = NO;
				ASSETCATALOG_COMPILER_GENERATE_SWIFT_ASSET_SYMBOL_EXTENSIONS = YES;
				CLANG_ANALYZER_NONNULL = YES;
				CLANG_ANALYZER_NUMBER_OBJECT_CONVERSION = YES_AGGRESSIVE;
				CLANG_CXX_LANGUAGE_STANDARD = "gnu++20";
				CLANG_ENABLE_MODULES = YES;
				CLANG_ENABLE_OBJC_ARC = YES;
				CLANG_ENABLE_OBJC_WEAK = YES;
				CLANG_WARN_BLOCK_CAPTURE_AUTORELEASING = YES;
				CLANG_WARN_BOOL_CONVERSION = YES;
				CLANG_WARN_COMMA = YES;
				CLANG_WARN_CONSTANT_CONVERSION = YES;
				CLANG_WARN_DEPRECATED_OBJC_IMPLEMENTATIONS = YES;
				CLANG_WARN_DIRECT_OBJC_ISA_USAGE = YES_ERROR;
				CLANG_WARN_DOCUMENTATION_COMMENTS = YES;
				CLANG_WARN_EMPTY_BODY = YES;
				CLANG_WARN_ENUM_CONVERSION = YES;
				CLANG_WARN_INFINITE_RECURSION = YES;
				CLANG_WARN_INT_CONVERSION = YES;
				CLANG_WARN_NON_LITERAL_NULL_CONVERSION = YES;
				CLANG_WARN_OBJC_IMPLICIT_RETAIN_SELF = YES;
				CLANG_WARN_OBJC_LITERAL_CONVERSION = YES;
				CLANG_WARN_OBJC_ROOT_CLASS = YES_ERROR;
				CLANG_WARN_QUOTED_INCLUDE_IN_FRAMEWORK_HEADER = YES;
				CLANG_WARN_RANGE_LOOP_ANALYSIS = YES;
				CLANG_WARN_STRICT_PROTOTYPES = YES;
				CLANG_WARN_SUSPICIOUS_MOVE = YES;
				CLANG_WARN_UNGUARDED_AVAILABILITY = YES_AGGRESSIVE;
				CLANG_WARN_UNREACHABLE_CODE = YES;
				CLANG_WARN__DUPLICATE_METHOD_MATCH = YES;
				COPY_PHASE_STRIP = NO;
				DEBUG_INFORMATION_FORMAT = "dwarf-with-dsym";
				ENABLE_NS_ASSERTIONS = NO;
				ENABLE_STRICT_OBJC_MSGSEND = YES;
				ENABLE_USER_SCRIPT_SANDBOXING = YES;
				GCC_C_LANGUAGE_STANDARD = gnu17;
				GCC_NO_COMMON_BLOCKS = YES;
				GCC_WARN_64_TO_32_BIT_CONVERSION = YES;
				GCC_WARN_ABOUT_RETURN_TYPE = YES_ERROR;
				GCC_WARN_UNDECLARED_SELECTOR = YES;
				GCC_WARN_UNINITIALIZED_AUTOS = YES_AGGRESSIVE;
				GCC_WARN_UNUSED_FUNCTION = YES;
				GCC_WARN_UNUSED_VARIABLE = YES;
				IPHONEOS_DEPLOYMENT_TARGET = 17.0;
				LOCALIZATION_PREFERS_STRING_CATALOGS = YES;
				MTL_ENABLE_DEBUG_INFO = NO;
				MTL_FAST_MATH = YES;
				SDKROOT = iphoneos;
				SWIFT_COMPILATION_MODE = wholemodule;
				VALIDATE_PRODUCT = YES;
			};
			name = Release;
		};
		EC0B1FAD2AD6C42500814309 /* Debug */ = {
			isa = XCBuildConfiguration;
			buildSettings = {
				ASSETCATALOG_COMPILER_APPICON_NAME = AppIcon;
				ASSETCATALOG_COMPILER_GLOBAL_ACCENT_COLOR_NAME = AccentColor;
				CODE_SIGN_STYLE = Automatic;
				CURRENT_PROJECT_VERSION = 1;
				DEVELOPMENT_TEAM = AD4UYT99KQ;
				GENERATE_INFOPLIST_FILE = YES;
				INFOPLIST_FILE = MP_DocumentCreate/Info.plist;
				INFOPLIST_KEY_UIApplicationSupportsIndirectInputEvents = YES;
				INFOPLIST_KEY_UILaunchStoryboardName = LaunchScreen;
				INFOPLIST_KEY_UISupportedInterfaceOrientations_iPad = "UIInterfaceOrientationPortrait UIInterfaceOrientationPortraitUpsideDown UIInterfaceOrientationLandscapeLeft UIInterfaceOrientationLandscapeRight";
				INFOPLIST_KEY_UISupportedInterfaceOrientations_iPhone = "UIInterfaceOrientationPortrait UIInterfaceOrientationLandscapeLeft UIInterfaceOrientationLandscapeRight";
				IPHONEOS_DEPLOYMENT_TARGET = 17.0;
				LD_RUNPATH_SEARCH_PATHS = (
					"$(inherited)",
					"@executable_path/Frameworks",
				);
				MARKETING_VERSION = 1.0;
				PRODUCT_BUNDLE_IDENTIFIER = "com.ridvandikmen.MP-DocumentCreate";
				PRODUCT_NAME = "$(TARGET_NAME)";
				SWIFT_EMIT_LOC_STRINGS = YES;
				SWIFT_VERSION = 5.0;
				TARGETED_DEVICE_FAMILY = "1,2";
			};
			name = Debug;
		};
		EC0B1FAE2AD6C42500814309 /* Release */ = {
			isa = XCBuildConfiguration;
			buildSettings = {
				ASSETCATALOG_COMPILER_APPICON_NAME = AppIcon;
				ASSETCATALOG_COMPILER_GLOBAL_ACCENT_COLOR_NAME = AccentColor;
				CODE_SIGN_STYLE = Automatic;
				CURRENT_PROJECT_VERSION = 1;
				DEVELOPMENT_TEAM = AD4UYT99KQ;
				GENERATE_INFOPLIST_FILE = YES;
				INFOPLIST_FILE = MP_DocumentCreate/Info.plist;
				INFOPLIST_KEY_UIApplicationSupportsIndirectInputEvents = YES;
				INFOPLIST_KEY_UILaunchStoryboardName = LaunchScreen;
				INFOPLIST_KEY_UISupportedInterfaceOrientations_iPad = "UIInterfaceOrientationPortrait UIInterfaceOrientationPortraitUpsideDown UIInterfaceOrientationLandscapeLeft UIInterfaceOrientationLandscapeRight";
				INFOPLIST_KEY_UISupportedInterfaceOrientations_iPhone = "UIInterfaceOrientationPortrait UIInterfaceOrientationLandscapeLeft UIInterfaceOrientationLandscapeRight";
				IPHONEOS_DEPLOYMENT_TARGET = 17.0;
				LD_RUNPATH_SEARCH_PATHS = (
					"$(inherited)",
					"@executable_path/Frameworks",
				);
				MARKETING_VERSION = 1.0;
				PRODUCT_BUNDLE_IDENTIFIER = "com.ridvandikmen.MP-DocumentCreate";
				PRODUCT_NAME = "$(TARGET_NAME)";
				SWIFT_EMIT_LOC_STRINGS = YES;
				SWIFT_VERSION = 5.0;
				TARGETED_DEVICE_FAMILY = "1,2";
			};
			name = Release;
		};
		EC0B1FB02AD6C42500814309 /* Debug */ = {
			isa = XCBuildConfiguration;
			buildSettings = {
				ALWAYS_EMBED_SWIFT_STANDARD_LIBRARIES = YES;
				BUNDLE_LOADER = "$(TEST_HOST)";
				CODE_SIGN_STYLE = Automatic;
				CURRENT_PROJECT_VERSION = 1;
				DEVELOPMENT_TEAM = AD4UYT99KQ;
				GENERATE_INFOPLIST_FILE = YES;
				IPHONEOS_DEPLOYMENT_TARGET = 17.0;
				MARKETING_VERSION = 1.0;
				PRODUCT_BUNDLE_IDENTIFIER = "com.ridvandikmen.MP-DocumentCreateTests";
				PRODUCT_NAME = "$(TARGET_NAME)";
				SWIFT_EMIT_LOC_STRINGS = NO;
				SWIFT_VERSION = 5.0;
				TARGETED_DEVICE_FAMILY = "1,2";
				TEST_HOST = "$(BUILT_PRODUCTS_DIR)/MP_DocumentCreate.app/$(BUNDLE_EXECUTABLE_FOLDER_PATH)/MP_DocumentCreate";
			};
			name = Debug;
		};
		EC0B1FB12AD6C42500814309 /* Release */ = {
			isa = XCBuildConfiguration;
			buildSettings = {
				ALWAYS_EMBED_SWIFT_STANDARD_LIBRARIES = YES;
				BUNDLE_LOADER = "$(TEST_HOST)";
				CODE_SIGN_STYLE = Automatic;
				CURRENT_PROJECT_VERSION = 1;
				DEVELOPMENT_TEAM = AD4UYT99KQ;
				GENERATE_INFOPLIST_FILE = YES;
				IPHONEOS_DEPLOYMENT_TARGET = 17.0;
				MARKETING_VERSION = 1.0;
				PRODUCT_BUNDLE_IDENTIFIER = "com.ridvandikmen.MP-DocumentCreateTests";
				PRODUCT_NAME = "$(TARGET_NAME)";
				SWIFT_EMIT_LOC_STRINGS = NO;
				SWIFT_VERSION = 5.0;
				TARGETED_DEVICE_FAMILY = "1,2";
				TEST_HOST = "$(BUILT_PRODUCTS_DIR)/MP_DocumentCreate.app/$(BUNDLE_EXECUTABLE_FOLDER_PATH)/MP_DocumentCreate";
			};
			name = Release;
		};
		EC0B1FB32AD6C42500814309 /* Debug */ = {
			isa = XCBuildConfiguration;
			buildSettings = {
				ALWAYS_EMBED_SWIFT_STANDARD_LIBRARIES = YES;
				CODE_SIGN_STYLE = Automatic;
				CURRENT_PROJECT_VERSION = 1;
				DEVELOPMENT_TEAM = AD4UYT99KQ;
				GENERATE_INFOPLIST_FILE = YES;
				MARKETING_VERSION = 1.0;
				PRODUCT_BUNDLE_IDENTIFIER = "com.ridvandikmen.MP-DocumentCreateUITests";
				PRODUCT_NAME = "$(TARGET_NAME)";
				SWIFT_EMIT_LOC_STRINGS = NO;
				SWIFT_VERSION = 5.0;
				TARGETED_DEVICE_FAMILY = "1,2";
				TEST_TARGET_NAME = MP_DocumentCreate;
			};
			name = Debug;
		};
		EC0B1FB42AD6C42500814309 /* Release */ = {
			isa = XCBuildConfiguration;
			buildSettings = {
				ALWAYS_EMBED_SWIFT_STANDARD_LIBRARIES = YES;
				CODE_SIGN_STYLE = Automatic;
				CURRENT_PROJECT_VERSION = 1;
				DEVELOPMENT_TEAM = AD4UYT99KQ;
				GENERATE_INFOPLIST_FILE = YES;
				MARKETING_VERSION = 1.0;
				PRODUCT_BUNDLE_IDENTIFIER = "com.ridvandikmen.MP-DocumentCreateUITests";
				PRODUCT_NAME = "$(TARGET_NAME)";
				SWIFT_EMIT_LOC_STRINGS = NO;
				SWIFT_VERSION = 5.0;
				TARGETED_DEVICE_FAMILY = "1,2";
				TEST_TARGET_NAME = MP_DocumentCreate;
			};
			name = Release;
		};
/* End XCBuildConfiguration section */

/* Begin XCConfigurationList section */
		EC0B1F7D2AD6C42200814309 /* Build configuration list for PBXProject "MP_DocumentCreate" */ = {
			isa = XCConfigurationList;
			buildConfigurations = (
				EC0B1FAA2AD6C42500814309 /* Debug */,
				EC0B1FAB2AD6C42500814309 /* Release */,
			);
			defaultConfigurationIsVisible = 0;
			defaultConfigurationName = Release;
		};
		EC0B1FAC2AD6C42500814309 /* Build configuration list for PBXNativeTarget "MP_DocumentCreate" */ = {
			isa = XCConfigurationList;
			buildConfigurations = (
				EC0B1FAD2AD6C42500814309 /* Debug */,
				EC0B1FAE2AD6C42500814309 /* Release */,
			);
			defaultConfigurationIsVisible = 0;
			defaultConfigurationName = Release;
		};
		EC0B1FAF2AD6C42500814309 /* Build configuration list for PBXNativeTarget "MP_DocumentCreateTests" */ = {
			isa = XCConfigurationList;
			buildConfigurations = (
				EC0B1FB02AD6C42500814309 /* Debug */,
				EC0B1FB12AD6C42500814309 /* Release */,
			);
			defaultConfigurationIsVisible = 0;
			defaultConfigurationName = Release;
		};
		EC0B1FB22AD6C42500814309 /* Build configuration list for PBXNativeTarget "MP_DocumentCreateUITests" */ = {
			isa = XCConfigurationList;
			buildConfigurations = (
				EC0B1FB32AD6C42500814309 /* Debug */,
				EC0B1FB42AD6C42500814309 /* Release */,
			);
			defaultConfigurationIsVisible = 0;
			defaultConfigurationName = Release;
		};
/* End XCConfigurationList section */

/* Begin XCRemoteSwiftPackageReference section */
		EC0B1FBB2AD6C65A00814309 /* XCRemoteSwiftPackageReference "firebase-ios-sdk" */ = {
			isa = XCRemoteSwiftPackageReference;
			repositoryURL = "https://github.com/firebase/firebase-ios-sdk.git";
			requirement = {
				kind = upToNextMajorVersion;
				minimumVersion = 10.16.0;
			};
		};
/* End XCRemoteSwiftPackageReference section */

/* Begin XCSwiftPackageProductDependency section */
		EC0B1FBD2AD6C68900814309 /* FirebaseAnalytics */ = {
			isa = XCSwiftPackageProductDependency;
			package = EC0B1FBB2AD6C65A00814309 /* XCRemoteSwiftPackageReference "firebase-ios-sdk" */;
			productName = FirebaseAnalytics;
		};
		EC0B1FBF2AD6C68E00814309 /* FirebaseAuth */ = {
			isa = XCSwiftPackageProductDependency;
			package = EC0B1FBB2AD6C65A00814309 /* XCRemoteSwiftPackageReference "firebase-ios-sdk" */;
			productName = FirebaseAuth;
		};
		EC0B1FC12AD6C69600814309 /* FirebaseFirestore */ = {
			isa = XCSwiftPackageProductDependency;
			package = EC0B1FBB2AD6C65A00814309 /* XCRemoteSwiftPackageReference "firebase-ios-sdk" */;
			productName = FirebaseFirestore;
		};
		EC0B1FC32AD6C69B00814309 /* FirebaseStorage */ = {
			isa = XCSwiftPackageProductDependency;
			package = EC0B1FBB2AD6C65A00814309 /* XCRemoteSwiftPackageReference "firebase-ios-sdk" */;
			productName = FirebaseStorage;
		};
/* End XCSwiftPackageProductDependency section */
	};
	rootObject = EC0B1F7A2AD6C42200814309 /* Project object */;
}
